
Microsoft Visual Studio Solution File, Format Version 12.00
# Visual Studio 14
VisualStudioVersion = 14.0.25420.1
MinimumVisualStudioVersion = 10.0.40219.1
Project("{FAE04EC0-301F-11D3-BF4B-00C04F79EFBC}") = "EasyShop.Common", "EasyShop.Common\EasyShop.Common.csproj", "{DF5BB093-1B05-40DD-817D-3C0C6C43DAFC}"
EndProject
Project("{FAE04EC0-301F-11D3-BF4B-00C04F79EFBC}") = "EasyShop.Data", "EasyShop.Data\EasyShop.Data.csproj", "{D39443F4-CEA0-4C81-BF38-DE55ECAA858D}"
EndProject
Project("{FAE04EC0-301F-11D3-BF4B-00C04F79EFBC}") = "EasyShop.Model", "EasyShop.Model\EasyShop.Model.csproj", "{C3011BCB-8E64-4171-A281-B53F19689999}"
EndProject
Project("{FAE04EC0-301F-11D3-BF4B-00C04F79EFBC}") = "EasyShop.Service", "EasyShop.Service\EasyShop.Service.csproj", "{D565CFBD-00C6-4ABB-8647-8A5E1089529A}"
EndProject
Project("{FAE04EC0-301F-11D3-BF4B-00C04F79EFBC}") = "EasyShop.UnitTest", "EasyShop.UnitTest\EasyShop.UnitTest.csproj", "{0ED73CB4-FAE1-4A73-973E-AA3028084663}"
EndProject
Project("{FAE04EC0-301F-11D3-BF4B-00C04F79EFBC}") = "EasyShop.Web", "EasyShop.Web\EasyShop.Web.csproj", "{FE2FA292-C08C-4750-8CA0-74D48B563902}"
EndProject
Global
	GlobalSection(SolutionConfigurationPlatforms) = preSolution
		Debug|Any CPU = Debug|Any CPU
		Release|Any CPU = Release|Any CPU
	EndGlobalSection
	GlobalSection(ProjectConfigurationPlatforms) = postSolution
		{DF5BB093-1B05-40DD-817D-3C0C6C43DAFC}.Debug|Any CPU.ActiveCfg = Debug|Any CPU
		{DF5BB093-1B05-40DD-817D-3C0C6C43DAFC}.Debug|Any CPU.Build.0 = Debug|Any CPU
		{DF5BB093-1B05-40DD-817D-3C0C6C43DAFC}.Release|Any CPU.ActiveCfg = Release|Any CPU
		{DF5BB093-1B05-40DD-817D-3C0C6C43DAFC}.Release|Any CPU.Build.0 = Release|Any CPU
		{D39443F4-CEA0-4C81-BF38-DE55ECAA858D}.Debug|Any CPU.ActiveCfg = Debug|Any CPU
		{D39443F4-CEA0-4C81-BF38-DE55ECAA858D}.Debug|Any CPU.Build.0 = Debug|Any CPU
		{D39443F4-CEA0-4C81-BF38-DE55ECAA858D}.Release|Any CPU.ActiveCfg = Release|Any CPU
		{D39443F4-CEA0-4C81-BF38-DE55ECAA858D}.Release|Any CPU.Build.0 = Release|Any CPU
		{C3011BCB-8E64-4171-A281-B53F19689999}.Debug|Any CPU.ActiveCfg = Debug|Any CPU
		{C3011BCB-8E64-4171-A281-B53F19689999}.Debug|Any CPU.Build.0 = Debug|Any CPU
		{C3011BCB-8E64-4171-A281-B53F19689999}.Release|Any CPU.ActiveCfg = Release|Any CPU
		{C3011BCB-8E64-4171-A281-B53F19689999}.Release|Any CPU.Build.0 = Release|Any CPU
		{D565CFBD-00C6-4ABB-8647-8A5E1089529A}.Debug|Any CPU.ActiveCfg = Debug|Any CPU
		{D565CFBD-00C6-4ABB-8647-8A5E1089529A}.Debug|Any CPU.Build.0 = Debug|Any CPU
		{D565CFBD-00C6-4ABB-8647-8A5E1089529A}.Release|Any CPU.ActiveCfg = Release|Any CPU
		{D565CFBD-00C6-4ABB-8647-8A5E1089529A}.Release|Any CPU.Build.0 = Release|Any CPU
		{0ED73CB4-FAE1-4A73-973E-AA3028084663}.Debug|Any CPU.ActiveCfg = Debug|Any CPU
		{0ED73CB4-FAE1-4A73-973E-AA3028084663}.Debug|Any CPU.Build.0 = Debug|Any CPU
		{0ED73CB4-FAE1-4A73-973E-AA3028084663}.Release|Any CPU.ActiveCfg = Release|Any CPU
		{0ED73CB4-FAE1-4A73-973E-AA3028084663}.Release|Any CPU.Build.0 = Release|Any CPU
		{FE2FA292-C08C-4750-8CA0-74D48B563902}.Debug|Any CPU.ActiveCfg = Debug|Any CPU
		{FE2FA292-C08C-4750-8CA0-74D48B563902}.Debug|Any CPU.Build.0 = Debug|Any CPU
		{FE2FA292-C08C-4750-8CA0-74D48B563902}.Release|Any CPU.ActiveCfg = Release|Any CPU
		{FE2FA292-C08C-4750-8CA0-74D48B563902}.Release|Any CPU.Build.0 = Release|Any CPU
	EndGlobalSection
	GlobalSection(SolutionProperties) = preSolution
		HideSolutionNode = FALSE
	EndGlobalSection
EndGlobal
